<?xml version="1.0" encoding="utf-8"?>
<Project ToolsVersion="4.0" xmlns="http://schemas.microsoft.com/developer/msbuild/2003">
  <ItemGroup>
    <Filter Include="源文件">
      <UniqueIdentifier>{4FC737F1-C7A5-4376-A066-2A32D752A2FF}</UniqueIdentifier>
      <Extensions>cpp;c;cc;cxx;def;odl;idl;hpj;bat;asm;asmx</Extensions>
    </Filter>
    <Filter Include="头文件">
      <UniqueIdentifier>{93995380-89BD-4b04-88EB-625FBE52EBFB}</UniqueIdentifier>
      <Extensions>h;hh;hpp;hxx;hm;inl;inc;xsd</Extensions>
    </Filter>
    <Filter Include="资源文件">
      <UniqueIdentifier>{67DA6AB6-F800-4c08-8B7A-83BB121AAD01}</UniqueIdentifier>
      <Extensions>rc;ico;cur;bmp;dlg;rc2;rct;bin;rgs;gif;jpg;jpeg;jpe;resx;tiff;tif;png;wav;mfcribbon-ms</Extensions>
    </Filter>
    <Filter Include="主框架">
      <UniqueIdentifier>{335910d8-a404-4736-a10f-88c5f603466d}</UniqueIdentifier>
    </Filter>
    <Filter Include="断点处理类">
      <UniqueIdentifier>{0bcf46d4-4263-4b4c-95a0-e41a79af52d2}</UniqueIdentifier>
    </Filter>
    <Filter Include="断点处理类\TF断点">
      <UniqueIdentifier>{c359d7ac-9817-4ecd-b897-20e9d5e1f400}</UniqueIdentifier>
    </Filter>
    <Filter Include="断点处理类\CC断点">
      <UniqueIdentifier>{db58ce9c-90eb-4633-b218-391d36798fb1}</UniqueIdentifier>
    </Filter>
    <Filter Include="解析PE类">
      <UniqueIdentifier>{9608dd1e-2ec6-4cfd-9cae-8037f27433ab}</UniqueIdentifier>
    </Filter>
    <Filter Include="断点处理类\内存访问断点">
      <UniqueIdentifier>{66747272-13d0-4b19-84ea-0e72dfb993ed}</UniqueIdentifier>
    </Filter>
    <Filter Include="断点处理类\硬件断点">
      <UniqueIdentifier>{758dd662-58c8-46f0-9ee5-9ca2458becc4}</UniqueIdentifier>
    </Filter>
    <Filter Include="信息处理">
      <UniqueIdentifier>{621e8d4e-ae7c-4990-bbe4-fba94b4575c4}</UniqueIdentifier>
    </Filter>
  </ItemGroup>
  <ItemGroup>
    <Text Include="ReadMe.txt" />
  </ItemGroup>
  <ItemGroup>
    <ClInclude Include="stdafx.h">
      <Filter>头文件</Filter>
    </ClInclude>
    <ClInclude Include="targetver.h">
      <Filter>头文件</Filter>
    </ClInclude>
    <ClInclude Include="MyType.h">
      <Filter>头文件</Filter>
    </ClInclude>
    <ClInclude Include="TfBp.h">
      <Filter>断点处理类\TF断点</Filter>
    </ClInclude>
    <ClInclude Include="DbgEngine.h">
      <Filter>主框架</Filter>
    </ClInclude>
    <ClInclude Include="CcBp.h">
      <Filter>断点处理类\CC断点</Filter>
    </ClInclude>
    <ClInclude Include="LordPe.h">
      <Filter>解析PE类</Filter>
    </ClInclude>
    <ClInclude Include="BhBp.h">
      <Filter>断点处理类\硬件断点</Filter>
    </ClInclude>
    <ClInclude Include="BmBp.h">
      <Filter>断点处理类\内存访问断点</Filter>
    </ClInclude>
    <ClInclude Include="Info.h">
      <Filter>信息处理</Filter>
    </ClInclude>
  </ItemGroup>
  <ItemGroup>
    <ClCompile Include="stdafx.cpp">
      <Filter>源文件</Filter>
    </ClCompile>
    <ClCompile Include="DbgDemo.cpp">
      <Filter>源文件</Filter>
    </ClCompile>
    <ClCompile Include="TfBp.cpp">
      <Filter>断点处理类\TF断点</Filter>
    </ClCompile>
    <ClCompile Include="DbgEngine.cpp">
      <Filter>主框架</Filter>
    </ClCompile>
    <ClCompile Include="CcBp.cpp">
      <Filter>断点处理类\CC断点</Filter>
    </ClCompile>
    <ClCompile Include="LordPe.cpp">
      <Filter>解析PE类</Filter>
    </ClCompile>
    <ClCompile Include="BhBp.cpp">
      <Filter>断点处理类\硬件断点</Filter>
    </ClCompile>
    <ClCompile Include="BmBp.cpp">
      <Filter>断点处理类\内存访问断点</Filter>
    </ClCompile>
    <ClCompile Include="Info.cpp">
      <Filter>信息处理</Filter>
    </ClCompile>
  </ItemGroup>
</Project>