
Microsoft Visual Studio Solution File, Format Version 12.00
# Visual Studio 15
VisualStudioVersion = 15.0.26430.16
MinimumVisualStudioVersion = 10.0.40219.1
Project("{8BC9CEB8-8B4A-11D0-8D11-00A0C91BC942}") = "DbgDemo", "DbgDemo\DbgDemo.vcxproj", "{A86B8B2F-04B8-4F8E-AEAC-8FB372426DBB}"
EndProject
Global
	GlobalSection(SolutionConfigurationPlatforms) = preSolution
		Debug|x64 = Debug|x64
		Debug|x86 = Debug|x86
		Release|x64 = Release|x64
		Release|x86 = Release|x86
	EndGlobalSection
	GlobalSection(ProjectConfigurationPlatforms) = postSolution
		{A86B8B2F-04B8-4F8E-AEAC-8FB372426DBB}.Debug|x64.ActiveCfg = Debug|x64
		{A86B8B2F-04B8-4F8E-AEAC-8FB372426DBB}.Debug|x64.Build.0 = Debug|x64
		{A86B8B2F-04B8-4F8E-AEAC-8FB372426DBB}.Debug|x86.ActiveCfg = Debug|Win32
		{A86B8B2F-04B8-4F8E-AEAC-8FB372426DBB}.Debug|x86.Build.0 = Debug|Win32
		{A86B8B2F-04B8-4F8E-AEAC-8FB372426DBB}.Release|x64.ActiveCfg = Release|x64
		{A86B8B2F-04B8-4F8E-AEAC-8FB372426DBB}.Release|x64.Build.0 = Release|x64
		{A86B8B2F-04B8-4F8E-AEAC-8FB372426DBB}.Release|x86.ActiveCfg = Release|Win32
		{A86B8B2F-04B8-4F8E-AEAC-8FB372426DBB}.Release|x86.Build.0 = Release|Win32
	EndGlobalSection
	GlobalSection(SolutionProperties) = preSolution
		HideSolutionNode = FALSE
	EndGlobalSection
EndGlobal
